
Microsoft Visual Studio Solution File, Format Version 12.00
# Visual Studio Version 17
VisualStudioVersion = 17.10.35013.160
MinimumVisualStudioVersion = 10.0.40219.1
Project("{9A19103F-16F7-4668-BE54-9A1E7A4F7556}") = "EcommerceSite", "EcommerceSite\EcommerceSite.csproj", "{92AECAFE-DCAA-4B03-86C2-A5098F669C54}"
EndProject
Project("{9A19103F-16F7-4668-BE54-9A1E7A4F7556}") = "EcommerRazor_Template", "EcommerRazor_Template\EcommerRazor_Template.csproj", "{004A49FE-0156-4C84-A824-B7FB7C32FE61}"
EndProject
Project("{FAE04EC0-301F-11D3-BF4B-00C04F79EFBC}") = "Ecommerce.DataAccess", "Ecommerce.DataAccess\Ecommerce.DataAccess.csproj", "{507E4C04-9CD0-46E4-BD4C-99ECFE334B3F}"
EndProject
Project("{FAE04EC0-301F-11D3-BF4B-00C04F79EFBC}") = "Ecommerce.Models", "Ecommerce.Models\Ecommerce.Models.csproj", "{FF73AEDC-7B5D-45B2-AFF0-06F0E532CAE1}"
EndProject
Project("{FAE04EC0-301F-11D3-BF4B-00C04F79EFBC}") = "Ecommerce.Utility", "Ecommerce.Utility\Ecommerce.Utility.csproj", "{B954C8E1-7B0A-4928-B231-1010B827A97B}"
EndProject
Global
	GlobalSection(SolutionConfigurationPlatforms) = preSolution
		Debug|Any CPU = Debug|Any CPU
		Release|Any CPU = Release|Any CPU
	EndGlobalSection
	GlobalSection(ProjectConfigurationPlatforms) = postSolution
		{92AECAFE-DCAA-4B03-86C2-A5098F669C54}.Debug|Any CPU.ActiveCfg = Debug|Any CPU
		{92AECAFE-DCAA-4B03-86C2-A5098F669C54}.Debug|Any CPU.Build.0 = Debug|Any CPU
		{92AECAFE-DCAA-4B03-86C2-A5098F669C54}.Release|Any CPU.ActiveCfg = Release|Any CPU
		{92AECAFE-DCAA-4B03-86C2-A5098F669C54}.Release|Any CPU.Build.0 = Release|Any CPU
		{004A49FE-0156-4C84-A824-B7FB7C32FE61}.Debug|Any CPU.ActiveCfg = Debug|Any CPU
		{004A49FE-0156-4C84-A824-B7FB7C32FE61}.Debug|Any CPU.Build.0 = Debug|Any CPU
		{004A49FE-0156-4C84-A824-B7FB7C32FE61}.Release|Any CPU.ActiveCfg = Release|Any CPU
		{004A49FE-0156-4C84-A824-B7FB7C32FE61}.Release|Any CPU.Build.0 = Release|Any CPU
		{507E4C04-9CD0-46E4-BD4C-99ECFE334B3F}.Debug|Any CPU.ActiveCfg = Debug|Any CPU
		{507E4C04-9CD0-46E4-BD4C-99ECFE334B3F}.Debug|Any CPU.Build.0 = Debug|Any CPU
		{507E4C04-9CD0-46E4-BD4C-99ECFE334B3F}.Release|Any CPU.ActiveCfg = Release|Any CPU
		{507E4C04-9CD0-46E4-BD4C-99ECFE334B3F}.Release|Any CPU.Build.0 = Release|Any CPU
		{FF73AEDC-7B5D-45B2-AFF0-06F0E532CAE1}.Debug|Any CPU.ActiveCfg = Debug|Any CPU
		{FF73AEDC-7B5D-45B2-AFF0-06F0E532CAE1}.Debug|Any CPU.Build.0 = Debug|Any CPU
		{FF73AEDC-7B5D-45B2-AFF0-06F0E532CAE1}.Release|Any CPU.ActiveCfg = Release|Any CPU
		{FF73AEDC-7B5D-45B2-AFF0-06F0E532CAE1}.Release|Any CPU.Build.0 = Release|Any CPU
		{B954C8E1-7B0A-4928-B231-1010B827A97B}.Debug|Any CPU.ActiveCfg = Debug|Any CPU
		{B954C8E1-7B0A-4928-B231-1010B827A97B}.Debug|Any CPU.Build.0 = Debug|Any CPU
		{B954C8E1-7B0A-4928-B231-1010B827A97B}.Release|Any CPU.ActiveCfg = Release|Any CPU
		{B954C8E1-7B0A-4928-B231-1010B827A97B}.Release|Any CPU.Build.0 = Release|Any CPU
	EndGlobalSection
	GlobalSection(SolutionProperties) = preSolution
		HideSolutionNode = FALSE
	EndGlobalSection
	GlobalSection(ExtensibilityGlobals) = postSolution
		SolutionGuid = {DAAC8561-B401-4CD3-A7B7-467874F63171}
	EndGlobalSection
EndGlobal
